
Microsoft Visual Studio Solution File, Format Version 12.00
# Visual Studio Version 16
VisualStudioVersion = 16.0.30803.129
MinimumVisualStudioVersion = 10.0.40219.1
Project("{9A19103F-16F7-4668-BE54-9A1E7A4F7556}") = "To-Do.Web", "To-Do.Web\To-Do.Web.csproj", "{70639902-D715-4DCF-B667-C9AFCAAF9386}"
EndProject
Project("{9A19103F-16F7-4668-BE54-9A1E7A4F7556}") = "To-Do.Tests", "To-Do.Tests\To-Do.Tests.csproj", "{FE470970-2FB4-4F2D-8602-C36CBECD37D0}"
EndProject
Global
	GlobalSection(SolutionConfigurationPlatforms) = preSolution
		Debug|Any CPU = Debug|Any CPU
		Release|Any CPU = Release|Any CPU
	EndGlobalSection
	GlobalSection(ProjectConfigurationPlatforms) = postSolution
		{70639902-D715-4DCF-B667-C9AFCAAF9386}.Debug|Any CPU.ActiveCfg = Debug|Any CPU
		{70639902-D715-4DCF-B667-C9AFCAAF9386}.Debug|Any CPU.Build.0 = Debug|Any CPU
		{70639902-D715-4DCF-B667-C9AFCAAF9386}.Release|Any CPU.ActiveCfg = Release|Any CPU
		{70639902-D715-4DCF-B667-C9AFCAAF9386}.Release|Any CPU.Build.0 = Release|Any CPU
		{FE470970-2FB4-4F2D-8602-C36CBECD37D0}.Debug|Any CPU.ActiveCfg = Debug|Any CPU
		{FE470970-2FB4-4F2D-8602-C36CBECD37D0}.Debug|Any CPU.Build.0 = Debug|Any CPU
		{FE470970-2FB4-4F2D-8602-C36CBECD37D0}.Release|Any CPU.ActiveCfg = Release|Any CPU
		{FE470970-2FB4-4F2D-8602-C36CBECD37D0}.Release|Any CPU.Build.0 = Release|Any CPU
	EndGlobalSection
	GlobalSection(SolutionProperties) = preSolution
		HideSolutionNode = FALSE
	EndGlobalSection
	GlobalSection(ExtensibilityGlobals) = postSolution
		SolutionGuid = {0C6CB918-BBD8-42E1-A9E6-B2028F1897D5}
	EndGlobalSection
EndGlobal
